
Microsoft Visual Studio Solution File, Format Version 12.00
# Visual Studio Version 17
VisualStudioVersion = 17.7.34221.43
MinimumVisualStudioVersion = 10.0.40219.1
Project("{FAE04EC0-301F-11D3-BF4B-00C04F79EFBC}") = "CL_App_Curd", "CL_App_Curd\CL_App_Curd.csproj", "{7A05998B-C903-4C2C-A744-92AB9DA7A305}"
EndProject
Global
	GlobalSection(SolutionConfigurationPlatforms) = preSolution
		Debug|Any CPU = Debug|Any CPU
		Release|Any CPU = Release|Any CPU
	EndGlobalSection
	GlobalSection(ProjectConfigurationPlatforms) = postSolution
		{7A05998B-C903-4C2C-A744-92AB9DA7A305}.Debug|Any CPU.ActiveCfg = Debug|Any CPU
		{7A05998B-C903-4C2C-A744-92AB9DA7A305}.Debug|Any CPU.Build.0 = Debug|Any CPU
		{7A05998B-C903-4C2C-A744-92AB9DA7A305}.Release|Any CPU.ActiveCfg = Release|Any CPU
		{7A05998B-C903-4C2C-A744-92AB9DA7A305}.Release|Any CPU.Build.0 = Release|Any CPU
	EndGlobalSection
	GlobalSection(SolutionProperties) = preSolution
		HideSolutionNode = FALSE
	EndGlobalSection
	GlobalSection(ExtensibilityGlobals) = postSolution
		SolutionGuid = {FB86AC4C-3732-4782-A073-F050ED1BEC6C}
	EndGlobalSection
EndGlobal
